// !$*UTF8*$!
{
	archiveVersion = 1;
	classes = {
	};
	objectVersion = 50;
	objects = {

/* Begin PBXBuildFile section */
		CE50BE3A268B801000B9450D /* AppDelegate.swift in Sources */ = {isa = PBXBuildFile; fileRef = CE50BE39268B801000B9450D /* AppDelegate.swift */; };
		CE50BE3C268B801000B9450D /* SceneDelegate.swift in Sources */ = {isa = PBXBuildFile; fileRef = CE50BE3B268B801000B9450D /* SceneDelegate.swift */; };
		CE50BE3E268B801000B9450D /* ViewController.swift in Sources */ = {isa = PBXBuildFile; fileRef = CE50BE3D268B801000B9450D /* ViewController.swift */; };
		CE50BE41268B801000B9450D /* Main.storyboard in Resources */ = {isa = PBXBuildFile; fileRef = CE50BE3F268B801000B9450D /* Main.storyboard */; };
		CE50BE43268B801000B9450D /* Assets.xcassets in Resources */ = {isa = PBXBuildFile; fileRef = CE50BE42268B801000B9450D /* Assets.xcassets */; };
		CE50BE46268B801000B9450D /* LaunchScreen.storyboard in Resources */ = {isa = PBXBuildFile; fileRef = CE50BE44268B801000B9450D /* LaunchScreen.storyboard */; };
		CE50BE4E268B83C400B9450D /* Student.swift in Sources */ = {isa = PBXBuildFile; fileRef = CE50BE4D268B83C400B9450D /* Student.swift */; };
		CE537B39268E11970006FE93 /* Group.swift in Sources */ = {isa = PBXBuildFile; fileRef = CE537B38268E11970006FE93 /* Group.swift */; };
/* End PBXBuildFile section */

/* Begin PBXFileReference section */
		CE50BE36268B800F00B9450D /* dz5.app */ = {isa = PBXFileReference; explicitFileType = wrapper.application; includeInIndex = 0; path = dz5.app; sourceTree = BUILT_PRODUCTS_DIR; };
		CE50BE39268B801000B9450D /* AppDelegate.swift */ = {isa = PBXFileReference; lastKnownFileType = sourcecode.swift; path = AppDelegate.swift; sourceTree = "<group>"; };
		CE50BE3B268B801000B9450D /* SceneDelegate.swift */ = {isa = PBXFileReference; lastKnownFileType = sourcecode.swift; path = SceneDelegate.swift; sourceTree = "<group>"; };
		CE50BE3D268B801000B9450D /* ViewController.swift */ = {isa = PBXFileReference; lastKnownFileType = sourcecode.swift; path = ViewController.swift; sourceTree = "<group>"; };
		CE50BE40268B801000B9450D /* Base */ = {isa = PBXFileReference; lastKnownFileType = file.storyboard; name = Base; path = Base.lproj/Main.storyboard; sourceTree = "<group>"; };
		CE50BE42268B801000B9450D /* Assets.xcassets */ = {isa = PBXFileReference; lastKnownFileType = folder.assetcatalog; path = Assets.xcassets; sourceTree = "<group>"; };
		CE50BE45268B801000B9450D /* Base */ = {isa = PBXFileReference; lastKnownFileType = file.storyboard; name = Base; path = Base.lproj/LaunchScreen.storyboard; sourceTree = "<group>"; };
		CE50BE47268B801000B9450D /* Info.plist */ = {isa = PBXFileReference; lastKnownFileType = text.plist.xml; path = Info.plist; sourceTree = "<group>"; };
		CE50BE4D268B83C400B9450D /* Student.swift */ = {isa = PBXFileReference; lastKnownFileType = sourcecode.swift; path = Student.swift; sourceTree = "<group>"; };
		CE537B38268E11970006FE93 /* Group.swift */ = {isa = PBXFileReference; lastKnownFileType = sourcecode.swift; path = Group.swift; sourceTree = "<group>"; };
/* End PBXFileReference section */

/* Begin PBXFrameworksBuildPhase section */
		CE50BE33268B800F00B9450D /* Frameworks */ = {
			isa = PBXFrameworksBuildPhase;
			buildActionMask = 2147483647;
			files = (
			);
			runOnlyForDeploymentPostprocessing = 0;
		};
/* End PBXFrameworksBuildPhase section */

/* Begin PBXGroup section */
		CE50BE2D268B800F00B9450D = {
			isa = PBXGroup;
			children = (
				CE50BE38268B800F00B9450D /* dz5 */,
				CE50BE37268B800F00B9450D /* Products */,
			);
			sourceTree = "<group>";
		};
		CE50BE37268B800F00B9450D /* Products */ = {
			isa = PBXGroup;
			children = (
				CE50BE36268B800F00B9450D /* dz5.app */,
			);
			name = Products;
			sourceTree = "<group>";
		};
		CE50BE38268B800F00B9450D /* dz5 */ = {
			isa = PBXGroup;
			children = (
				CE50BE39268B801000B9450D /* AppDelegate.swift */,
				CE50BE3B268B801000B9450D /* SceneDelegate.swift */,
				CE50BE3D268B801000B9450D /* ViewController.swift */,
				CE50BE3F268B801000B9450D /* Main.storyboard */,
				CE50BE42268B801000B9450D /* Assets.xcassets */,
				CE50BE44268B801000B9450D /* LaunchScreen.storyboard */,
				CE50BE47268B801000B9450D /* Info.plist */,
				CE50BE4D268B83C400B9450D /* Student.swift */,
				CE537B38268E11970006FE93 /* Group.swift */,
			);
			path = dz5;
			sourceTree = "<group>";
		};
/* End PBXGroup section */

/* Begin PBXNativeTarget section */
		CE50BE35268B800F00B9450D /* dz5 */ = {
			isa = PBXNativeTarget;
			buildConfigurationList = CE50BE4A268B801000B9450D /* Build configuration list for PBXNativeTarget "dz5" */;
			buildPhases = (
				CE50BE32268B800F00B9450D /* Sources */,
				CE50BE33268B800F00B9450D /* Frameworks */,
				CE50BE34268B800F00B9450D /* Resources */,
			);
			buildRules = (
			);
			dependencies = (
			);
			name = dz5;
			productName = dz5;
			productReference = CE50BE36268B800F00B9450D /* dz5.app */;
			productType = "com.apple.product-type.application";
		};
/* End PBXNativeTarget section */

/* Begin PBXProject section */
		CE50BE2E268B800F00B9450D /* Project object */ = {
			isa = PBXProject;
			attributes = {
				LastSwiftUpdateCheck = 1250;
				LastUpgradeCheck = 1250;
				TargetAttributes = {
					CE50BE35268B800F00B9450D = {
						CreatedOnToolsVersion = 12.5.1;
					};
				};
			};
			buildConfigurationList = CE50BE31268B800F00B9450D /* Build configuration list for PBXProject "dz5" */;
			compatibilityVersion = "Xcode 9.3";
			developmentRegion = en;
			hasScannedForEncodings = 0;
			knownRegions = (
				en,
				Base,
			);
			mainGroup = CE50BE2D268B800F00B9450D;
			productRefGroup = CE50BE37268B800F00B9450D /* Products */;
			projectDirPath = "";
			projectRoot = "";
			targets = (
				CE50BE35268B800F00B9450D /* dz5 */,
			);
		};
/* End PBXProject section */

/* Begin PBXResourcesBuildPhase section */
		CE50BE34268B800F00B9450D /* Resources */ = {
			isa = PBXResourcesBuildPhase;
			buildActionMask = 2147483647;
			files = (
				CE50BE46268B801000B9450D /* LaunchScreen.storyboard in Resources */,
				CE50BE43268B801000B9450D /* Assets.xcassets in Resources */,
				CE50BE41268B801000B9450D /* Main.storyboard in Resources */,
			);
			runOnlyForDeploymentPostprocessing = 0;
		};
/* End PBXResourcesBuildPhase section */

/* Begin PBXSourcesBuildPhase section */
		CE50BE32268B800F00B9450D /* Sources */ = {
			isa = PBXSourcesBuildPhase;
			buildActionMask = 2147483647;
			files = (
				CE50BE3E268B801000B9450D /* ViewController.swift in Sources */,
				CE50BE3A268B801000B9450D /* AppDelegate.swift in Sources */,
				CE50BE3C268B801000B9450D /* SceneDelegate.swift in Sources */,
				CE537B39268E11970006FE93 /* Group.swift in Sources */,
				CE50BE4E268B83C400B9450D /* Student.swift in Sources */,
			);
			runOnlyForDeploymentPostprocessing = 0;
		};
/* End PBXSourcesBuildPhase section */

/* Begin PBXVariantGroup section */
		CE50BE3F268B801000B9450D /* Main.storyboard */ = {
			isa = PBXVariantGroup;
			children = (
				CE50BE40268B801000B9450D /* Base */,
			);
			name = Main.storyboard;
			sourceTree = "<group>";
		};
		CE50BE44268B801000B9450D /* LaunchScreen.storyboard */ = {
			isa = PBXVariantGroup;
			children = (
				CE50BE45268B801000B9450D /* Base */,
			);
			name = LaunchScreen.storyboard;
			sourceTree = "<group>";
		};
/* End PBXVariantGroup section */

/* Begin XCBuildConfiguration section */
		CE50BE48268B801000B9450D /* Debug */ = {
			isa = XCBuildConfiguration;
			buildSettings = {
				ALWAYS_SEARCH_USER_PATHS = NO;
				CLANG_ANALYZER_NONNULL = YES;
				CLANG_ANALYZER_NUMBER_OBJECT_CONVERSION = YES_AGGRESSIVE;
				CLANG_CXX_LANGUAGE_STANDARD = "gnu++14";
				CLANG_CXX_LIBRARY = "libc++";
				CLANG_ENABLE_MODULES = YES;
				CLANG_ENABLE_OBJC_ARC = YES;
				CLANG_ENABLE_OBJC_WEAK = YES;
				CLANG_WARN_BLOCK_CAPTURE_AUTORELEASING = YES;
				CLANG_WARN_BOOL_CONVERSION = YES;
				CLANG_WARN_COMMA = YES;
				CLANG_WARN_CONSTANT_CONVERSION = YES;
				CLANG_WARN_DEPRECATED_OBJC_IMPLEMENTATIONS = YES;
				CLANG_WARN_DIRECT_OBJC_ISA_USAGE = YES_ERROR;
				CLANG_WARN_DOCUMENTATION_COMMENTS = YES;
				CLANG_WARN_EMPTY_BODY = YES;
				CLANG_WARN_ENUM_CONVERSION = YES;
				CLANG_WARN_INFINITE_RECURSION = YES;
				CLANG_WARN_INT_CONVERSION = YES;
				CLANG_WARN_NON_LITERAL_NULL_CONVERSION = YES;
				CLANG_WARN_OBJC_IMPLICIT_RETAIN_SELF = YES;
				CLANG_WARN_OBJC_LITERAL_CONVERSION = YES;
				CLANG_WARN_OBJC_ROOT_CLASS = YES_ERROR;
				CLANG_WARN_QUOTED_INCLUDE_IN_FRAMEWORK_HEADER = YES;
				CLANG_WARN_RANGE_LOOP_ANALYSIS = YES;
				CLANG_WARN_STRICT_PROTOTYPES = YES;
				CLANG_WARN_SUSPICIOUS_MOVE = YES;
				CLANG_WARN_UNGUARDED_AVAILABILITY = YES_AGGRESSIVE;
				CLANG_WARN_UNREACHABLE_CODE = YES;
				CLANG_WARN__DUPLICATE_METHOD_MATCH = YES;
				COPY_PHASE_STRIP = NO;
				DEBUG_INFORMATION_FORMAT = dwarf;
				ENABLE_STRICT_OBJC_MSGSEND = YES;
				ENABLE_TESTABILITY = YES;
				GCC_C_LANGUAGE_STANDARD = gnu11;
				GCC_DYNAMIC_NO_PIC = NO;
				GCC_NO_COMMON_BLOCKS = YES;
				GCC_OPTIMIZATION_LEVEL = 0;
				GCC_PREPROCESSOR_DEFINITIONS = (
					"DEBUG=1",
					"$(inherited)",
				);
				GCC_WARN_64_TO_32_BIT_CONVERSION = YES;
				GCC_WARN_ABOUT_RETURN_TYPE = YES_ERROR;
				GCC_WARN_UNDECLARED_SELECTOR = YES;
				GCC_WARN_UNINITIALIZED_AUTOS = YES_AGGRESSIVE;
				GCC_WARN_UNUSED_FUNCTION = YES;
				GCC_WARN_UNUSED_VARIABLE = YES;
				IPHONEOS_DEPLOYMENT_TARGET = 14.5;
				MTL_ENABLE_DEBUG_INFO = INCLUDE_SOURCE;
				MTL_FAST_MATH = YES;
				ONLY_ACTIVE_ARCH = YES;
				SDKROOT = iphoneos;
				SWIFT_ACTIVE_COMPILATION_CONDITIONS = DEBUG;
				SWIFT_OPTIMIZATION_LEVEL = "-Onone";
			};
			name = Debug;
		};
		CE50BE49268B801000B9450D /* Release */ = {
			isa = XCBuildConfiguration;
			buildSettings = {
				ALWAYS_SEARCH_USER_PATHS = NO;
				CLANG_ANALYZER_NONNULL = YES;
				CLANG_ANALYZER_NUMBER_OBJECT_CONVERSION = YES_AGGRESSIVE;
				CLANG_CXX_LANGUAGE_STANDARD = "gnu++14";
				CLANG_CXX_LIBRARY = "libc++";
				CLANG_ENABLE_MODULES = YES;
				CLANG_ENABLE_OBJC_ARC = YES;
				CLANG_ENABLE_OBJC_WEAK = YES;
				CLANG_WARN_BLOCK_CAPTURE_AUTORELEASING = YES;
				CLANG_WARN_BOOL_CONVERSION = YES;
				CLANG_WARN_COMMA = YES;
				CLANG_WARN_CONSTANT_CONVERSION = YES;
				CLANG_WARN_DEPRECATED_OBJC_IMPLEMENTATIONS = YES;
				CLANG_WARN_DIRECT_OBJC_ISA_USAGE = YES_ERROR;
				CLANG_WARN_DOCUMENTATION_COMMENTS = YES;
				CLANG_WARN_EMPTY_BODY = YES;
				CLANG_WARN_ENUM_CONVERSION = YES;
				CLANG_WARN_INFINITE_RECURSION = YES;
				CLANG_WARN_INT_CONVERSION = YES;
				CLANG_WARN_NON_LITERAL_NULL_CONVERSION = YES;
				CLANG_WARN_OBJC_IMPLICIT_RETAIN_SELF = YES;
				CLANG_WARN_OBJC_LITERAL_CONVERSION = YES;
				CLANG_WARN_OBJC_ROOT_CLASS = YES_ERROR;
				CLANG_WARN_QUOTED_INCLUDE_IN_FRAMEWORK_HEADER = YES;
				CLANG_WARN_RANGE_LOOP_ANALYSIS = YES;
				CLANG_WARN_STRICT_PROTOTYPES = YES;
				CLANG_WARN_SUSPICIOUS_MOVE = YES;
				CLANG_WARN_UNGUARDED_AVAILABILITY = YES_AGGRESSIVE;
				CLANG_WARN_UNREACHABLE_CODE = YES;
				CLANG_WARN__DUPLICATE_METHOD_MATCH = YES;
				COPY_PHASE_STRIP = NO;
				DEBUG_INFORMATION_FORMAT = "dwarf-with-dsym";
				ENABLE_NS_ASSERTIONS = NO;
				ENABLE_STRICT_OBJC_MSGSEND = YES;
				GCC_C_LANGUAGE_STANDARD = gnu11;
				GCC_NO_COMMON_BLOCKS = YES;
				GCC_WARN_64_TO_32_BIT_CONVERSION = YES;
				GCC_WARN_ABOUT_RETURN_TYPE = YES_ERROR;
				GCC_WARN_UNDECLARED_SELECTOR = YES;
				GCC_WARN_UNINITIALIZED_AUTOS = YES_AGGRESSIVE;
				GCC_WARN_UNUSED_FUNCTION = YES;
				GCC_WARN_UNUSED_VARIABLE = YES;
				IPHONEOS_DEPLOYMENT_TARGET = 14.5;
				MTL_ENABLE_DEBUG_INFO = NO;
				MTL_FAST_MATH = YES;
				SDKROOT = iphoneos;
				SWIFT_COMPILATION_MODE = wholemodule;
				SWIFT_OPTIMIZATION_LEVEL = "-O";
				VALIDATE_PRODUCT = YES;
			};
			name = Release;
		};
		CE50BE4B268B801000B9450D /* Debug */ = {
			isa = XCBuildConfiguration;
			buildSettings = {
				ASSETCATALOG_COMPILER_APPICON_NAME = AppIcon;
				ASSETCATALOG_COMPILER_GLOBAL_ACCENT_COLOR_NAME = AccentColor;
				CODE_SIGN_STYLE = Automatic;
				DEVELOPMENT_TEAM = D5ZR9F23FM;
				INFOPLIST_FILE = dz5/Info.plist;
				IPHONEOS_DEPLOYMENT_TARGET = 14.3;
				LD_RUNPATH_SEARCH_PATHS = (
					"$(inherited)",
					"@executable_path/Frameworks",
				);
				PRODUCT_BUNDLE_IDENTIFIER = com.dz5;
				PRODUCT_NAME = "$(TARGET_NAME)";
				SWIFT_VERSION = 5.0;
				TARGETED_DEVICE_FAMILY = "1,2";
			};
			name = Debug;
		};
		CE50BE4C268B801000B9450D /* Release */ = {
			isa = XCBuildConfiguration;
			buildSettings = {
				ASSETCATALOG_COMPILER_APPICON_NAME = AppIcon;
				ASSETCATALOG_COMPILER_GLOBAL_ACCENT_COLOR_NAME = AccentColor;
				CODE_SIGN_STYLE = Automatic;
				DEVELOPMENT_TEAM = D5ZR9F23FM;
				INFOPLIST_FILE = dz5/Info.plist;
				IPHONEOS_DEPLOYMENT_TARGET = 14.3;
				LD_RUNPATH_SEARCH_PATHS = (
					"$(inherited)",
					"@executable_path/Frameworks",
				);
				PRODUCT_BUNDLE_IDENTIFIER = com.dz5;
				PRODUCT_NAME = "$(TARGET_NAME)";
				SWIFT_VERSION = 5.0;
				TARGETED_DEVICE_FAMILY = "1,2";
			};
			name = Release;
		};
/* End XCBuildConfiguration section */

/* Begin XCConfigurationList section */
		CE50BE31268B800F00B9450D /* Build configuration list for PBXProject "dz5" */ = {
			isa = XCConfigurationList;
			buildConfigurations = (
				CE50BE48268B801000B9450D /* Debug */,
				CE50BE49268B801000B9450D /* Release */,
			);
			defaultConfigurationIsVisible = 0;
			defaultConfigurationName = Release;
		};
		CE50BE4A268B801000B9450D /* Build configuration list for PBXNativeTarget "dz5" */ = {
			isa = XCConfigurationList;
			buildConfigurations = (
				CE50BE4B268B801000B9450D /* Debug */,
				CE50BE4C268B801000B9450D /* Release */,
			);
			defaultConfigurationIsVisible = 0;
			defaultConfigurationName = Release;
		};
/* End XCConfigurationList section */
	};
	rootObject = CE50BE2E268B800F00B9450D /* Project object */;
}
